<Solution>
  <Project Path="TUF/TUF.csproj" />
  <Project Path="CanonicalJson.Tests/CanonicalJson.Tests.csproj" />
  <Project Path="CanonicalJson/CanonicalJson.csproj" />
  <Project Path="TUF.Tests/TUF.Tests.csproj" />
  <Project Path="examples/BasicClient/BasicClient.csproj" />
  <Project Path="examples/CliTool/CliTool.csproj" />
  <Project Path="examples/SigningDemo/SigningDemo.csproj" />
</Solution>